
Microsoft Visual Studio Solution File, Format Version 12.00
# Visual Studio Version 16
VisualStudioVersion = 16.0.29418.71
MinimumVisualStudioVersion = 10.0.40219.1
Project("{FAE04EC0-301F-11D3-BF4B-00C04F79EFBC}") = "SpoolerPrinterCleaner", "SpoonPrinterCleaner\SpoolerPrinterCleaner.csproj", "{C561B559-2782-4E44-9E9A-FB655093DB41}"
EndProject
Global
	GlobalSection(SolutionConfigurationPlatforms) = preSolution
		Debug|Any CPU = Debug|Any CPU
		Release|Any CPU = Release|Any CPU
	EndGlobalSection
	GlobalSection(ProjectConfigurationPlatforms) = postSolution
		{C561B559-2782-4E44-9E9A-FB655093DB41}.Debug|Any CPU.ActiveCfg = Debug|Any CPU
		{C561B559-2782-4E44-9E9A-FB655093DB41}.Debug|Any CPU.Build.0 = Debug|Any CPU
		{C561B559-2782-4E44-9E9A-FB655093DB41}.Release|Any CPU.ActiveCfg = Release|Any CPU
		{C561B559-2782-4E44-9E9A-FB655093DB41}.Release|Any CPU.Build.0 = Release|Any CPU
	EndGlobalSection
	GlobalSection(SolutionProperties) = preSolution
		HideSolutionNode = FALSE
	EndGlobalSection
	GlobalSection(ExtensibilityGlobals) = postSolution
		SolutionGuid = {6E2BEC9E-DEBB-467D-BDC9-0516D3368217}
	EndGlobalSection
EndGlobal
